
Microsoft Visual Studio Solution File, Format Version 12.00
# Visual Studio Version 17
VisualStudioVersion = 17.2.32516.85
MinimumVisualStudioVersion = 10.0.40219.1
Project("{FAE04EC0-301F-11D3-BF4B-00C04F79EFBC}") = "WebPlatform", "WebPlatform.csproj", "{CDC3CEA9-2475-4128-A223-B9392E62A4C6}"
EndProject
Global
	GlobalSection(SolutionConfigurationPlatforms) = preSolution
		Debug|Any CPU = Debug|Any CPU
		Release|Any CPU = Release|Any CPU
	EndGlobalSection
	GlobalSection(ProjectConfigurationPlatforms) = postSolution
		{CDC3CEA9-2475-4128-A223-B9392E62A4C6}.Debug|Any CPU.ActiveCfg = Debug|Any CPU
		{CDC3CEA9-2475-4128-A223-B9392E62A4C6}.Debug|Any CPU.Build.0 = Debug|Any CPU
		{CDC3CEA9-2475-4128-A223-B9392E62A4C6}.Release|Any CPU.ActiveCfg = Release|Any CPU
		{CDC3CEA9-2475-4128-A223-B9392E62A4C6}.Release|Any CPU.Build.0 = Release|Any CPU
	EndGlobalSection
	GlobalSection(SolutionProperties) = preSolution
		HideSolutionNode = FALSE
	EndGlobalSection
	GlobalSection(ExtensibilityGlobals) = postSolution
		SolutionGuid = {2D9EE32A-9A9D-4B73-B09A-8101C6719E8B}
	EndGlobalSection
EndGlobal
